// !$*UTF8*$!
{
	archiveVersion = 1;
	classes = {
	};
	objectVersion = 46;
	objects = {

/* Begin PBXBuildFile section */
		01B7C9C91C1A20AF00B3FE49 /* AppDelegate.swift in Sources */ = {isa = PBXBuildFile; fileRef = 01B7C9C81C1A20AF00B3FE49 /* AppDelegate.swift */; };
		01B7C9CB1C1A20AF00B3FE49 /* ViewController.swift in Sources */ = {isa = PBXBuildFile; fileRef = 01B7C9CA1C1A20AF00B3FE49 /* ViewController.swift */; };
		01B7C9CE1C1A20AF00B3FE49 /* Main.storyboard in Resources */ = {isa = PBXBuildFile; fileRef = 01B7C9CC1C1A20AF00B3FE49 /* Main.storyboard */; };
		01B7C9D01C1A20AF00B3FE49 /* Images.xcassets in Resources */ = {isa = PBXBuildFile; fileRef = 01B7C9CF1C1A20AF00B3FE49 /* Images.xcassets */; };
		01B7C9D31C1A20AF00B3FE49 /* LaunchScreen.xib in Resources */ = {isa = PBXBuildFile; fileRef = 01B7C9D11C1A20AF00B3FE49 /* LaunchScreen.xib */; };
		01B7C9DF1C1A20AF00B3FE49 /* tipsTests.swift in Sources */ = {isa = PBXBuildFile; fileRef = 01B7C9DE1C1A20AF00B3FE49 /* tipsTests.swift */; };
		01D1039A1C1A5559002E294A /* SettingsViewController.swift in Sources */ = {isa = PBXBuildFile; fileRef = 01D103991C1A5559002E294A /* SettingsViewController.swift */; };
/* End PBXBuildFile section */

/* Begin PBXContainerItemProxy section */
		01B7C9D91C1A20AF00B3FE49 /* PBXContainerItemProxy */ = {
			isa = PBXContainerItemProxy;
			containerPortal = 01B7C9BB1C1A20AF00B3FE49 /* Project object */;
			proxyType = 1;
			remoteGlobalIDString = 01B7C9C21C1A20AF00B3FE49;
			remoteInfo = tips;
		};
/* End PBXContainerItemProxy section */

/* Begin PBXFileReference section */
		01B7C9C31C1A20AF00B3FE49 /* tips.app */ = {isa = PBXFileReference; explicitFileType = wrapper.application; includeInIndex = 0; path = tips.app; sourceTree = BUILT_PRODUCTS_DIR; };
		01B7C9C71C1A20AF00B3FE49 /* Info.plist */ = {isa = PBXFileReference; lastKnownFileType = text.plist.xml; path = Info.plist; sourceTree = "<group>"; };
		01B7C9C81C1A20AF00B3FE49 /* AppDelegate.swift */ = {isa = PBXFileReference; lastKnownFileType = sourcecode.swift; path = AppDelegate.swift; sourceTree = "<group>"; };
		01B7C9CA1C1A20AF00B3FE49 /* ViewController.swift */ = {isa = PBXFileReference; lastKnownFileType = sourcecode.swift; path = ViewController.swift; sourceTree = "<group>"; };
		01B7C9CD1C1A20AF00B3FE49 /* Base */ = {isa = PBXFileReference; lastKnownFileType = file.storyboard; name = Base; path = Base.lproj/Main.storyboard; sourceTree = "<group>"; };
		01B7C9CF1C1A20AF00B3FE49 /* Images.xcassets */ = {isa = PBXFileReference; lastKnownFileType = folder.assetcatalog; path = Images.xcassets; sourceTree = "<group>"; };
		01B7C9D21C1A20AF00B3FE49 /* Base */ = {isa = PBXFileReference; lastKnownFileType = file.xib; name = Base; path = Base.lproj/LaunchScreen.xib; sourceTree = "<group>"; };
		01B7C9D81C1A20AF00B3FE49 /* tipsTests.xctest */ = {isa = PBXFileReference; explicitFileType = wrapper.cfbundle; includeInIndex = 0; path = tipsTests.xctest; sourceTree = BUILT_PRODUCTS_DIR; };
		01B7C9DD1C1A20AF00B3FE49 /* Info.plist */ = {isa = PBXFileReference; lastKnownFileType = text.plist.xml; path = Info.plist; sourceTree = "<group>"; };
		01B7C9DE1C1A20AF00B3FE49 /* tipsTests.swift */ = {isa = PBXFileReference; lastKnownFileType = sourcecode.swift; path = tipsTests.swift; sourceTree = "<group>"; };
		01D103991C1A5559002E294A /* SettingsViewController.swift */ = {isa = PBXFileReference; fileEncoding = 4; lastKnownFileType = sourcecode.swift; path = SettingsViewController.swift; sourceTree = "<group>"; };
/* End PBXFileReference section */

/* Begin PBXFrameworksBuildPhase section */
		01B7C9C01C1A20AF00B3FE49 /* Frameworks */ = {
			isa = PBXFrameworksBuildPhase;
			buildActionMask = 2147483647;
			files = (
			);
			runOnlyForDeploymentPostprocessing = 0;
		};
		01B7C9D51C1A20AF00B3FE49 /* Frameworks */ = {
			isa = PBXFrameworksBuildPhase;
			buildActionMask = 2147483647;
			files = (
			);
			runOnlyForDeploymentPostprocessing = 0;
		};
/* End PBXFrameworksBuildPhase section */

/* Begin PBXGroup section */
		01B7C9BA1C1A20AF00B3FE49 = {
			isa = PBXGroup;
			children = (
				01B7C9C51C1A20AF00B3FE49 /* tips */,
				01B7C9DB1C1A20AF00B3FE49 /* tipsTests */,
				01B7C9C41C1A20AF00B3FE49 /* Products */,
			);
			sourceTree = "<group>";
		};
		01B7C9C41C1A20AF00B3FE49 /* Products */ = {
			isa = PBXGroup;
			children = (
				01B7C9C31C1A20AF00B3FE49 /* tips.app */,
				01B7C9D81C1A20AF00B3FE49 /* tipsTests.xctest */,
			);
			name = Products;
			sourceTree = "<group>";
		};
		01B7C9C51C1A20AF00B3FE49 /* tips */ = {
			isa = PBXGroup;
			children = (
				01B7C9C81C1A20AF00B3FE49 /* AppDelegate.swift */,
				01B7C9CA1C1A20AF00B3FE49 /* ViewController.swift */,
				01B7C9CC1C1A20AF00B3FE49 /* Main.storyboard */,
				01D103991C1A5559002E294A /* SettingsViewController.swift */,
				01B7C9CF1C1A20AF00B3FE49 /* Images.xcassets */,
				01B7C9D11C1A20AF00B3FE49 /* LaunchScreen.xib */,
				01B7C9C61C1A20AF00B3FE49 /* Supporting Files */,
			);
			path = tips;
			sourceTree = "<group>";
		};
		01B7C9C61C1A20AF00B3FE49 /* Supporting Files */ = {
			isa = PBXGroup;
			children = (
				01B7C9C71C1A20AF00B3FE49 /* Info.plist */,
			);
			name = "Supporting Files";
			sourceTree = "<group>";
		};
		01B7C9DB1C1A20AF00B3FE49 /* tipsTests */ = {
			isa = PBXGroup;
			children = (
				01B7C9DE1C1A20AF00B3FE49 /* tipsTests.swift */,
				01B7C9DC1C1A20AF00B3FE49 /* Supporting Files */,
			);
			path = tipsTests;
			sourceTree = "<group>";
		};
		01B7C9DC1C1A20AF00B3FE49 /* Supporting Files */ = {
			isa = PBXGroup;
			children = (
				01B7C9DD1C1A20AF00B3FE49 /* Info.plist */,
			);
			name = "Supporting Files";
			sourceTree = "<group>";
		};
/* End PBXGroup section */

/* Begin PBXNativeTarget section */
		01B7C9C21C1A20AF00B3FE49 /* tips */ = {
			isa = PBXNativeTarget;
			buildConfigurationList = 01B7C9E21C1A20AF00B3FE49 /* Build configuration list for PBXNativeTarget "tips" */;
			buildPhases = (
				01B7C9BF1C1A20AF00B3FE49 /* Sources */,
				01B7C9C01C1A20AF00B3FE49 /* Frameworks */,
				01B7C9C11C1A20AF00B3FE49 /* Resources */,
			);
			buildRules = (
			);
			dependencies = (
			);
			name = tips;
			productName = tips;
			productReference = 01B7C9C31C1A20AF00B3FE49 /* tips.app */;
			productType = "com.apple.product-type.application";
		};
		01B7C9D71C1A20AF00B3FE49 /* tipsTests */ = {
			isa = PBXNativeTarget;
			buildConfigurationList = 01B7C9E51C1A20AF00B3FE49 /* Build configuration list for PBXNativeTarget "tipsTests" */;
			buildPhases = (
				01B7C9D41C1A20AF00B3FE49 /* Sources */,
				01B7C9D51C1A20AF00B3FE49 /* Frameworks */,
				01B7C9D61C1A20AF00B3FE49 /* Resources */,
			);
			buildRules = (
			);
			dependencies = (
				01B7C9DA1C1A20AF00B3FE49 /* PBXTargetDependency */,
			);
			name = tipsTests;
			productName = tipsTests;
			productReference = 01B7C9D81C1A20AF00B3FE49 /* tipsTests.xctest */;
			productType = "com.apple.product-type.bundle.unit-test";
		};
/* End PBXNativeTarget section */

/* Begin PBXProject section */
		01B7C9BB1C1A20AF00B3FE49 /* Project object */ = {
			isa = PBXProject;
			attributes = {
				LastSwiftUpdateCheck = 0720;
				LastUpgradeCheck = 0630;
				ORGANIZATIONNAME = "Clayton Petty";
				TargetAttributes = {
					01B7C9C21C1A20AF00B3FE49 = {
						CreatedOnToolsVersion = 6.3.2;
					};
					01B7C9D71C1A20AF00B3FE49 = {
						CreatedOnToolsVersion = 6.3.2;
						TestTargetID = 01B7C9C21C1A20AF00B3FE49;
					};
				};
			};
			buildConfigurationList = 01B7C9BE1C1A20AF00B3FE49 /* Build configuration list for PBXProject "tips" */;
			compatibilityVersion = "Xcode 3.2";
			developmentRegion = English;
			hasScannedForEncodings = 0;
			knownRegions = (
				en,
				Base,
			);
			mainGroup = 01B7C9BA1C1A20AF00B3FE49;
			productRefGroup = 01B7C9C41C1A20AF00B3FE49 /* Products */;
			projectDirPath = "";
			projectRoot = "";
			targets = (
				01B7C9C21C1A20AF00B3FE49 /* tips */,
				01B7C9D71C1A20AF00B3FE49 /* tipsTests */,
			);
		};
/* End PBXProject section */

/* Begin PBXResourcesBuildPhase section */
		01B7C9C11C1A20AF00B3FE49 /* Resources */ = {
			isa = PBXResourcesBuildPhase;
			buildActionMask = 2147483647;
			files = (
				01B7C9CE1C1A20AF00B3FE49 /* Main.storyboard in Resources */,
				01B7C9D31C1A20AF00B3FE49 /* LaunchScreen.xib in Resources */,
				01B7C9D01C1A20AF00B3FE49 /* Images.xcassets in Resources */,
			);
			runOnlyForDeploymentPostprocessing = 0;
		};
		01B7C9D61C1A20AF00B3FE49 /* Resources */ = {
			isa = PBXResourcesBuildPhase;
			buildActionMask = 2147483647;
			files = (
			);
			runOnlyForDeploymentPostprocessing = 0;
		};
/* End PBXResourcesBuildPhase section */

/* Begin PBXSourcesBuildPhase section */
		01B7C9BF1C1A20AF00B3FE49 /* Sources */ = {
			isa = PBXSourcesBuildPhase;
			buildActionMask = 2147483647;
			files = (
				01B7C9CB1C1A20AF00B3FE49 /* ViewController.swift in Sources */,
				01B7C9C91C1A20AF00B3FE49 /* AppDelegate.swift in Sources */,
				01D1039A1C1A5559002E294A /* SettingsViewController.swift in Sources */,
			);
			runOnlyForDeploymentPostprocessing = 0;
		};
		01B7C9D41C1A20AF00B3FE49 /* Sources */ = {
			isa = PBXSourcesBuildPhase;
			buildActionMask = 2147483647;
			files = (
				01B7C9DF1C1A20AF00B3FE49 /* tipsTests.swift in Sources */,
			);
			runOnlyForDeploymentPostprocessing = 0;
		};
/* End PBXSourcesBuildPhase section */

/* Begin PBXTargetDependency section */
		01B7C9DA1C1A20AF00B3FE49 /* PBXTargetDependency */ = {
			isa = PBXTargetDependency;
			target = 01B7C9C21C1A20AF00B3FE49 /* tips */;
			targetProxy = 01B7C9D91C1A20AF00B3FE49 /* PBXContainerItemProxy */;
		};
/* End PBXTargetDependency section */

/* Begin PBXVariantGroup section */
		01B7C9CC1C1A20AF00B3FE49 /* Main.storyboard */ = {
			isa = PBXVariantGroup;
			children = (
				01B7C9CD1C1A20AF00B3FE49 /* Base */,
			);
			name = Main.storyboard;
			sourceTree = "<group>";
		};
		01B7C9D11C1A20AF00B3FE49 /* LaunchScreen.xib */ = {
			isa = PBXVariantGroup;
			children = (
				01B7C9D21C1A20AF00B3FE49 /* Base */,
			);
			name = LaunchScreen.xib;
			sourceTree = "<group>";
		};
/* End PBXVariantGroup section */

/* Begin XCBuildConfiguration section */
		01B7C9E01C1A20AF00B3FE49 /* Debug */ = {
			isa = XCBuildConfiguration;
			buildSettings = {
				ALWAYS_SEARCH_USER_PATHS = NO;
				CLANG_CXX_LANGUAGE_STANDARD = "gnu++0x";
				CLANG_CXX_LIBRARY = "libc++";
				CLANG_ENABLE_MODULES = YES;
				CLANG_ENABLE_OBJC_ARC = YES;
				CLANG_WARN_BOOL_CONVERSION = YES;
				CLANG_WARN_CONSTANT_CONVERSION = YES;
				CLANG_WARN_DIRECT_OBJC_ISA_USAGE = YES_ERROR;
				CLANG_WARN_EMPTY_BODY = YES;
				CLANG_WARN_ENUM_CONVERSION = YES;
				CLANG_WARN_INT_CONVERSION = YES;
				CLANG_WARN_OBJC_ROOT_CLASS = YES_ERROR;
				CLANG_WARN_UNREACHABLE_CODE = YES;
				CLANG_WARN__DUPLICATE_METHOD_MATCH = YES;
				"CODE_SIGN_IDENTITY[sdk=iphoneos*]" = "iPhone Developer";
				COPY_PHASE_STRIP = NO;
				DEBUG_INFORMATION_FORMAT = "dwarf-with-dsym";
				ENABLE_STRICT_OBJC_MSGSEND = YES;
				GCC_C_LANGUAGE_STANDARD = gnu99;
				GCC_DYNAMIC_NO_PIC = NO;
				GCC_NO_COMMON_BLOCKS = YES;
				GCC_OPTIMIZATION_LEVEL = 0;
				GCC_PREPROCESSOR_DEFINITIONS = (
					"DEBUG=1",
					"$(inherited)",
				);
				GCC_SYMBOLS_PRIVATE_EXTERN = NO;
				GCC_WARN_64_TO_32_BIT_CONVERSION = YES;
				GCC_WARN_ABOUT_RETURN_TYPE = YES_ERROR;
				GCC_WARN_UNDECLARED_SELECTOR = YES;
				GCC_WARN_UNINITIALIZED_AUTOS = YES_AGGRESSIVE;
				GCC_WARN_UNUSED_FUNCTION = YES;
				GCC_WARN_UNUSED_VARIABLE = YES;
				IPHONEOS_DEPLOYMENT_TARGET = 8.3;
				MTL_ENABLE_DEBUG_INFO = YES;
				ONLY_ACTIVE_ARCH = YES;
				SDKROOT = iphoneos;
				SWIFT_OPTIMIZATION_LEVEL = "-Onone";
			};
			name = Debug;
		};
		01B7C9E11C1A20AF00B3FE49 /* Release */ = {
			isa = XCBuildConfiguration;
			buildSettings = {
				ALWAYS_SEARCH_USER_PATHS = NO;
				CLANG_CXX_LANGUAGE_STANDARD = "gnu++0x";
				CLANG_CXX_LIBRARY = "libc++";
				CLANG_ENABLE_MODULES = YES;
				CLANG_ENABLE_OBJC_ARC = YES;
				CLANG_WARN_BOOL_CONVERSION = YES;
				CLANG_WARN_CONSTANT_CONVERSION = YES;
				CLANG_WARN_DIRECT_OBJC_ISA_USAGE = YES_ERROR;
				CLANG_WARN_EMPTY_BODY = YES;
				CLANG_WARN_ENUM_CONVERSION = YES;
				CLANG_WARN_INT_CONVERSION = YES;
				CLANG_WARN_OBJC_ROOT_CLASS = YES_ERROR;
				CLANG_WARN_UNREACHABLE_CODE = YES;
				CLANG_WARN__DUPLICATE_METHOD_MATCH = YES;
				"CODE_SIGN_IDENTITY[sdk=iphoneos*]" = "iPhone Developer";
				COPY_PHASE_STRIP = NO;
				DEBUG_INFORMATION_FORMAT = "dwarf-with-dsym";
				ENABLE_NS_ASSERTIONS = NO;
				ENABLE_STRICT_OBJC_MSGSEND = YES;
				GCC_C_LANGUAGE_STANDARD = gnu99;
				GCC_NO_COMMON_BLOCKS = YES;
				GCC_WARN_64_TO_32_BIT_CONVERSION = YES;
				GCC_WARN_ABOUT_RETURN_TYPE = YES_ERROR;
				GCC_WARN_UNDECLARED_SELECTOR = YES;
				GCC_WARN_UNINITIALIZED_AUTOS = YES_AGGRESSIVE;
				GCC_WARN_UNUSED_FUNCTION = YES;
				GCC_WARN_UNUSED_VARIABLE = YES;
				IPHONEOS_DEPLOYMENT_TARGET = 8.3;
				MTL_ENABLE_DEBUG_INFO = NO;
				SDKROOT = iphoneos;
				VALIDATE_PRODUCT = YES;
			};
			name = Release;
		};
		01B7C9E31C1A20AF00B3FE49 /* Debug */ = {
			isa = XCBuildConfiguration;
			buildSettings = {
				ASSETCATALOG_COMPILER_APPICON_NAME = AppIcon;
				INFOPLIST_FILE = tips/Info.plist;
				IPHONEOS_DEPLOYMENT_TARGET = 8.0;
				LD_RUNPATH_SEARCH_PATHS = "$(inherited) @executable_path/Frameworks";
				PRODUCT_NAME = "$(TARGET_NAME)";
				TARGETED_DEVICE_FAMILY = 1;
			};
			name = Debug;
		};
		01B7C9E41C1A20AF00B3FE49 /* Release */ = {
			isa = XCBuildConfiguration;
			buildSettings = {
				ASSETCATALOG_COMPILER_APPICON_NAME = AppIcon;
				INFOPLIST_FILE = tips/Info.plist;
				IPHONEOS_DEPLOYMENT_TARGET = 8.0;
				LD_RUNPATH_SEARCH_PATHS = "$(inherited) @executable_path/Frameworks";
				PRODUCT_NAME = "$(TARGET_NAME)";
				TARGETED_DEVICE_FAMILY = 1;
			};
			name = Release;
		};
		01B7C9E61C1A20AF00B3FE49 /* Debug */ = {
			isa = XCBuildConfiguration;
			buildSettings = {
				BUNDLE_LOADER = "$(TEST_HOST)";
				FRAMEWORK_SEARCH_PATHS = (
					"$(SDKROOT)/Developer/Library/Frameworks",
					"$(inherited)",
				);
				GCC_PREPROCESSOR_DEFINITIONS = (
					"DEBUG=1",
					"$(inherited)",
				);
				INFOPLIST_FILE = tipsTests/Info.plist;
				LD_RUNPATH_SEARCH_PATHS = "$(inherited) @executable_path/Frameworks @loader_path/Frameworks";
				PRODUCT_NAME = "$(TARGET_NAME)";
				TEST_HOST = "$(BUILT_PRODUCTS_DIR)/tips.app/tips";
			};
			name = Debug;
		};
		01B7C9E71C1A20AF00B3FE49 /* Release */ = {
			isa = XCBuildConfiguration;
			buildSettings = {
				BUNDLE_LOADER = "$(TEST_HOST)";
				FRAMEWORK_SEARCH_PATHS = (
					"$(SDKROOT)/Developer/Library/Frameworks",
					"$(inherited)",
				);
				INFOPLIST_FILE = tipsTests/Info.plist;
				LD_RUNPATH_SEARCH_PATHS = "$(inherited) @executable_path/Frameworks @loader_path/Frameworks";
				PRODUCT_NAME = "$(TARGET_NAME)";
				TEST_HOST = "$(BUILT_PRODUCTS_DIR)/tips.app/tips";
			};
			name = Release;
		};
/* End XCBuildConfiguration section */

/* Begin XCConfigurationList section */
		01B7C9BE1C1A20AF00B3FE49 /* Build configuration list for PBXProject "tips" */ = {
			isa = XCConfigurationList;
			buildConfigurations = (
				01B7C9E01C1A20AF00B3FE49 /* Debug */,
				01B7C9E11C1A20AF00B3FE49 /* Release */,
			);
			defaultConfigurationIsVisible = 0;
			defaultConfigurationName = Release;
		};
		01B7C9E21C1A20AF00B3FE49 /* Build configuration list for PBXNativeTarget "tips" */ = {
			isa = XCConfigurationList;
			buildConfigurations = (
				01B7C9E31C1A20AF00B3FE49 /* Debug */,
				01B7C9E41C1A20AF00B3FE49 /* Release */,
			);
			defaultConfigurationIsVisible = 0;
			defaultConfigurationName = Release;
		};
		01B7C9E51C1A20AF00B3FE49 /* Build configuration list for PBXNativeTarget "tipsTests" */ = {
			isa = XCConfigurationList;
			buildConfigurations = (
				01B7C9E61C1A20AF00B3FE49 /* Debug */,
				01B7C9E71C1A20AF00B3FE49 /* Release */,
			);
			defaultConfigurationIsVisible = 0;
			defaultConfigurationName = Release;
		};
/* End XCConfigurationList section */
	};
	rootObject = 01B7C9BB1C1A20AF00B3FE49 /* Project object */;
}
